
Microsoft Visual Studio Solution File, Format Version 12.00
# Visual Studio 15
VisualStudioVersion = 15.0.27130.2026
MinimumVisualStudioVersion = 10.0.40219.1
Project("{8BC9CEB8-8B4A-11D0-8D11-00A0C91BC942}") = "PeBinaryInfoLib", "PeBinaryInfoLib\PeBinaryInfoLib.vcxproj", "{5DE5F959-AE4F-47FC-86A6-5B22E2A4F956}"
EndProject
Project("{8BC9CEB8-8B4A-11D0-8D11-00A0C91BC942}") = "PeBinaryInfo", "PeBinaryInfo\PeBinaryInfo.vcxproj", "{3AE382EF-714D-4A42-AB8F-B0D216F2C16A}"
	ProjectSection(ProjectDependencies) = postProject
		{5DE5F959-AE4F-47FC-86A6-5B22E2A4F956} = {5DE5F959-AE4F-47FC-86A6-5B22E2A4F956}
	EndProjectSection
EndProject
Project("{8BC9CEB8-8B4A-11D0-8D11-00A0C91BC942}") = "PeBinaryInfoShellExt", "PeBinaryInfoShellExt\PeBinaryInfoShellExt.vcxproj", "{97142953-EE8E-456B-AE11-F229A01D5943}"
	ProjectSection(ProjectDependencies) = postProject
		{5DE5F959-AE4F-47FC-86A6-5B22E2A4F956} = {5DE5F959-AE4F-47FC-86A6-5B22E2A4F956}
	EndProjectSection
EndProject
Project("{8BC9CEB8-8B4A-11D0-8D11-00A0C91BC942}") = "PeBinaryInfoExplorerCommand", "PeBinaryInfoExplorerCommand\PeBinaryInfoExplorerCommand.vcxproj", "{691DD4C4-FDA8-477A-9EAA-41D68C00A2F3}"
EndProject
Project("{8BC9CEB8-8B4A-11D0-8D11-00A0C91BC942}") = "PeBinaryInfoDialog", "PeBinaryInfoDialog\PeBinaryInfoDialog.vcxproj", "{2F1A6B8E-5C90-4E77-9C3E-2A2C0E9E6B41}"
	ProjectSection(ProjectDependencies) = postProject
		{5DE5F959-AE4F-47FC-86A6-5B22E2A4F956} = {5DE5F959-AE4F-47FC-86A6-5B22E2A4F956}
	EndProjectSection
EndProject
Project("{C7167F0D-BC9F-4E6E-AFE1-012C56B48DB5}") = "WhatPE.Package", "WhatPE.Package\WhatPE.Package.wapproj", "{6F2C9F0C-9C7C-4C5E-9E44-2E7C7C0F3E9A}"
	ProjectSection(ProjectDependencies) = postProject
		{3AE382EF-714D-4A42-AB8F-B0D216F2C16A} = {3AE382EF-714D-4A42-AB8F-B0D216F2C16A}
		{691DD4C4-FDA8-477A-9EAA-41D68C00A2F3} = {691DD4C4-FDA8-477A-9EAA-41D68C00A2F3}
		{2F1A6B8E-5C90-4E77-9C3E-2A2C0E9E6B41} = {2F1A6B8E-5C90-4E77-9C3E-2A2C0E9E6B41}
	EndProjectSection
EndProject
Global
	GlobalSection(SolutionConfigurationPlatforms) = preSolution
		Debug|x64 = Debug|x64
		Debug|x86 = Debug|x86
		Release|x64 = Release|x64
		Release|x86 = Release|x86
	EndGlobalSection
	GlobalSection(ProjectConfigurationPlatforms) = postSolution
		{5DE5F959-AE4F-47FC-86A6-5B22E2A4F956}.Debug|x64.ActiveCfg = Debug|x64
		{5DE5F959-AE4F-47FC-86A6-5B22E2A4F956}.Debug|x64.Build.0 = Debug|x64
		{5DE5F959-AE4F-47FC-86A6-5B22E2A4F956}.Debug|x86.ActiveCfg = Debug|Win32
		{5DE5F959-AE4F-47FC-86A6-5B22E2A4F956}.Debug|x86.Build.0 = Debug|Win32
		{5DE5F959-AE4F-47FC-86A6-5B22E2A4F956}.Release|x64.ActiveCfg = Release|x64
		{5DE5F959-AE4F-47FC-86A6-5B22E2A4F956}.Release|x64.Build.0 = Release|x64
		{5DE5F959-AE4F-47FC-86A6-5B22E2A4F956}.Release|x86.ActiveCfg = Release|Win32
		{5DE5F959-AE4F-47FC-86A6-5B22E2A4F956}.Release|x86.Build.0 = Release|Win32
		{3AE382EF-714D-4A42-AB8F-B0D216F2C16A}.Debug|x64.ActiveCfg = Debug|x64
		{3AE382EF-714D-4A42-AB8F-B0D216F2C16A}.Debug|x64.Build.0 = Debug|x64
		{3AE382EF-714D-4A42-AB8F-B0D216F2C16A}.Debug|x86.ActiveCfg = Debug|Win32
		{3AE382EF-714D-4A42-AB8F-B0D216F2C16A}.Debug|x86.Build.0 = Debug|Win32
		{3AE382EF-714D-4A42-AB8F-B0D216F2C16A}.Release|x64.ActiveCfg = Release|x64
		{3AE382EF-714D-4A42-AB8F-B0D216F2C16A}.Release|x64.Build.0 = Release|x64
		{3AE382EF-714D-4A42-AB8F-B0D216F2C16A}.Release|x86.ActiveCfg = Release|Win32
		{3AE382EF-714D-4A42-AB8F-B0D216F2C16A}.Release|x86.Build.0 = Release|Win32
		{97142953-EE8E-456B-AE11-F229A01D5943}.Debug|x64.ActiveCfg = Debug|x64
		{97142953-EE8E-456B-AE11-F229A01D5943}.Debug|x64.Build.0 = Debug|x64
		{97142953-EE8E-456B-AE11-F229A01D5943}.Debug|x86.ActiveCfg = Debug|Win32
		{97142953-EE8E-456B-AE11-F229A01D5943}.Debug|x86.Build.0 = Debug|Win32
		{97142953-EE8E-456B-AE11-F229A01D5943}.Release|x64.ActiveCfg = Release|x64
		{97142953-EE8E-456B-AE11-F229A01D5943}.Release|x64.Build.0 = Release|x64
		{97142953-EE8E-456B-AE11-F229A01D5943}.Release|x86.ActiveCfg = Release|Win32
		{97142953-EE8E-456B-AE11-F229A01D5943}.Release|x86.Build.0 = Release|Win32
		{6F2C9F0C-9C7C-4C5E-9E44-2E7C7C0F3E9A}.Debug|x64.ActiveCfg = Debug|x64
		{6F2C9F0C-9C7C-4C5E-9E44-2E7C7C0F3E9A}.Debug|x64.Build.0 = Debug|x64
		{6F2C9F0C-9C7C-4C5E-9E44-2E7C7C0F3E9A}.Release|x64.ActiveCfg = Release|x64
		{6F2C9F0C-9C7C-4C5E-9E44-2E7C7C0F3E9A}.Release|x64.Build.0 = Release|x64
		{691DD4C4-FDA8-477A-9EAA-41D68C00A2F3}.Debug|x64.ActiveCfg = Debug|x64
		{691DD4C4-FDA8-477A-9EAA-41D68C00A2F3}.Debug|x64.Build.0 = Debug|x64
		{691DD4C4-FDA8-477A-9EAA-41D68C00A2F3}.Release|x64.ActiveCfg = Release|x64
		{691DD4C4-FDA8-477A-9EAA-41D68C00A2F3}.Release|x64.Build.0 = Release|x64
		{2F1A6B8E-5C90-4E77-9C3E-2A2C0E9E6B41}.Debug|x64.ActiveCfg = Debug|x64
		{2F1A6B8E-5C90-4E77-9C3E-2A2C0E9E6B41}.Debug|x64.Build.0 = Debug|x64
		{2F1A6B8E-5C90-4E77-9C3E-2A2C0E9E6B41}.Release|x64.ActiveCfg = Release|x64
		{2F1A6B8E-5C90-4E77-9C3E-2A2C0E9E6B41}.Release|x64.Build.0 = Release|x64
	EndGlobalSection
	GlobalSection(SolutionProperties) = preSolution
		HideSolutionNode = FALSE
	EndGlobalSection
	GlobalSection(ExtensibilityGlobals) = postSolution
		SolutionGuid = {D25FE328-FE3F-4809-9731-A316CF5D33C0}
	EndGlobalSection
EndGlobal
